
Microsoft Visual Studio Solution File, Format Version 12.00
# Visual Studio Version 16
VisualStudioVersion = 16.0.29430.225
MinimumVisualStudioVersion = 10.0.40219.1
Project("{FAE04EC0-301F-11D3-BF4B-00C04F79EFBC}") = "WoffToTtf", "WoffToTtf\WoffToTtf.csproj", "{92F534F9-A197-4654-96FB-2B97E4B2DA0F}"
EndProject
Project("{FAE04EC0-301F-11D3-BF4B-00C04F79EFBC}") = "TestWoffToTtf", "TestWoffToTtf\TestWoffToTtf.csproj", "{90267CFF-A931-494E-8BA9-10E550934069}"
EndProject
Global
	GlobalSection(SolutionConfigurationPlatforms) = preSolution
		Debug|Any CPU = Debug|Any CPU
		Release|Any CPU = Release|Any CPU
	EndGlobalSection
	GlobalSection(ProjectConfigurationPlatforms) = postSolution
		{92F534F9-A197-4654-96FB-2B97E4B2DA0F}.Debug|Any CPU.ActiveCfg = Debug|Any CPU
		{92F534F9-A197-4654-96FB-2B97E4B2DA0F}.Debug|Any CPU.Build.0 = Debug|Any CPU
		{92F534F9-A197-4654-96FB-2B97E4B2DA0F}.Release|Any CPU.ActiveCfg = Release|Any CPU
		{92F534F9-A197-4654-96FB-2B97E4B2DA0F}.Release|Any CPU.Build.0 = Release|Any CPU
		{90267CFF-A931-494E-8BA9-10E550934069}.Debug|Any CPU.ActiveCfg = Debug|Any CPU
		{90267CFF-A931-494E-8BA9-10E550934069}.Debug|Any CPU.Build.0 = Debug|Any CPU
		{90267CFF-A931-494E-8BA9-10E550934069}.Release|Any CPU.ActiveCfg = Release|Any CPU
		{90267CFF-A931-494E-8BA9-10E550934069}.Release|Any CPU.Build.0 = Release|Any CPU
	EndGlobalSection
	GlobalSection(SolutionProperties) = preSolution
		HideSolutionNode = FALSE
	EndGlobalSection
	GlobalSection(ExtensibilityGlobals) = postSolution
		SolutionGuid = {3A888BDA-B7F7-4A0E-87A3-CE4B658A8D0B}
	EndGlobalSection
EndGlobal
